<?xml version="1.0" encoding="utf-8"?>
<Project ToolsVersion="4.0" xmlns="http://schemas.microsoft.com/developer/msbuild/2003">
  <ItemGroup>
    <Filter Include="Source Files">
      <UniqueIdentifier>{4FC737F1-C7A5-4376-A066-2A32D752A2FF}</UniqueIdentifier>
      <Extensions>cpp;c;cc;cxx;def;odl;idl;hpj;bat;asm;asmx</Extensions>
    </Filter>
    <Filter Include="Header Files">
      <UniqueIdentifier>{93995380-89BD-4b04-88EB-625FBE52EBFB}</UniqueIdentifier>
      <Extensions>h;hh;hpp;hxx;hm;inl;inc;ipp;xsd</Extensions>
    </Filter>
    <Filter Include="Resource Files">
      <UniqueIdentifier>{67DA6AB6-F800-4c08-8B7A-83BB121AAD01}</UniqueIdentifier>
      <Extensions>rc;ico;cur;bmp;dlg;rc2;rct;bin;rgs;gif;jpg;jpeg;jpe;resx;tiff;tif;png;wav;mfcribbon-ms</Extensions>
    </Filter>
    <Filter Include="NSGAIII">
      <UniqueIdentifier>{202f7d1b-f2d0-470d-ad3a-eb7c72b40f4a}</UniqueIdentifier>
    </Filter>
  </ItemGroup>
  <ItemGroup>
    <ClCompile Include="..\..\..\..\Documents\imgui-master\imgui.cpp">
      <Filter>Source Files</Filter>
    </ClCompile>
    <ClCompile Include="..\..\..\..\Documents\imgui-master\imgui_draw.cpp">
      <Filter>Source Files</Filter>
    </ClCompile>
    <ClCompile Include="..\..\..\..\Documents\libigl-legacy-master\external\imgui\imgui_impl_glfw_gl3.cpp">
      <Filter>Source Files</Filter>
    </ClCompile>
    <ClCompile Include="HelperTop.cpp">
      <Filter>Source Files</Filter>
    </ClCompile>
    <ClCompile Include="FEMSimulator.cpp">
      <Filter>Source Files</Filter>
    </ClCompile>
    <ClCompile Include="StressTuner.cpp">
      <Filter>Source Files</Filter>
    </ClCompile>
    <ClCompile Include="gl3w.c">
      <Filter>Source Files</Filter>
    </ClCompile>
    <ClCompile Include="glad.c">
      <Filter>Source Files</Filter>
    </ClCompile>
    <ClCompile Include="NSGAIIIComp.cpp">
      <Filter>Source Files</Filter>
    </ClCompile>
    <ClCompile Include="dep\NSGA3\alg_nondominated_sort.cpp">
      <Filter>NSGAIII</Filter>
    </ClCompile>
    <ClCompile Include="dep\NSGA3\alg_nsgaiii.cpp">
      <Filter>NSGAIII</Filter>
    </ClCompile>
    <ClCompile Include="dep\NSGA3\alg_reference_point.cpp">
      <Filter>NSGAIII</Filter>
    </ClCompile>
    <ClCompile Include="dep\NSGA3\aux_math.cpp">
      <Filter>NSGAIII</Filter>
    </ClCompile>
    <ClCompile Include="dep\NSGA3\aux_misc.cpp">
      <Filter>NSGAIII</Filter>
    </ClCompile>
    <ClCompile Include="dep\NSGA3\exp_indicator.cpp">
      <Filter>NSGAIII</Filter>
    </ClCompile>
    <ClCompile Include="dep\NSGA3\gnuplot_interface.cpp">
      <Filter>NSGAIII</Filter>
    </ClCompile>
    <ClCompile Include="dep\NSGA3\log.cpp">
      <Filter>NSGAIII</Filter>
    </ClCompile>
    <ClCompile Include="dep\NSGA3\alg_comparator.cpp">
      <Filter>NSGAIII</Filter>
    </ClCompile>
    <ClCompile Include="dep\NSGA3\alg_crossover.cpp">
      <Filter>NSGAIII</Filter>
    </ClCompile>
    <ClCompile Include="dep\NSGA3\alg_environmental_selection.cpp">
      <Filter>NSGAIII</Filter>
    </ClCompile>
    <ClCompile Include="dep\NSGA3\alg_individual.cpp">
      <Filter>NSGAIII</Filter>
    </ClCompile>
    <ClCompile Include="dep\NSGA3\alg_initialization.cpp">
      <Filter>NSGAIII</Filter>
    </ClCompile>
    <ClCompile Include="dep\NSGA3\alg_mutation.cpp">
      <Filter>NSGAIII</Filter>
    </ClCompile>
    <ClCompile Include="ComplianceTuner.cpp">
      <Filter>Source Files</Filter>
    </ClCompile>
    <ClCompile Include="fatigueOptimizer.cpp">
      <Filter>Source Files</Filter>
    </ClCompile>
    <ClCompile Include="AABD_triangle_intersection.cpp">
      <Filter>Source Files</Filter>
    </ClCompile>
    <ClCompile Include="Source1.cpp">
      <Filter>Source Files</Filter>
    </ClCompile>
  </ItemGroup>
  <ItemGroup>
    <ClInclude Include="HelperTop.h">
      <Filter>Header Files</Filter>
    </ClInclude>
    <ClInclude Include="..\..\..\..\Documents\libigl-legacy-master\external\imgui\imgui_impl_glfw_gl3.h">
      <Filter>Header Files</Filter>
    </ClInclude>
    <ClInclude Include="ComplianceTuner.h">
      <Filter>Header Files</Filter>
    </ClInclude>
    <ClInclude Include="StressTuner.h">
      <Filter>Header Files</Filter>
    </ClInclude>
    <ClInclude Include="FEMSimulator.h">
      <Filter>Header Files</Filter>
    </ClInclude>
    <ClInclude Include="NSGAIIIComp.h">
      <Filter>Header Files</Filter>
    </ClInclude>
    <ClInclude Include="fatigueOptimizer.h">
      <Filter>Header Files</Filter>
    </ClInclude>
    <ClInclude Include="AABD_triangle_intersection.h">
      <Filter>Header Files</Filter>
    </ClInclude>
  </ItemGroup>
</Project>